
Microsoft Visual Studio Solution File, Format Version 12.00
# Visual Studio 15
VisualStudioVersion = 15.0.28010.2050
MinimumVisualStudioVersion = 10.0.40219.1
Project("{FAE04EC0-301F-11D3-BF4B-00C04F79EFBC}") = "NET Framework 4", "Framework\NET Framework.csproj", "{E3AC9869-4E0E-48EE-9D68-CC7A6F545D57}"
EndProject
Project("{FAE04EC0-301F-11D3-BF4B-00C04F79EFBC}") = ".NET Standard", "Standard\NET Standard.csproj", "{1264CA4E-A31C-40B6-A603-71C0F188189F}"
EndProject
Global
	GlobalSection(SolutionConfigurationPlatforms) = preSolution
		Debug|Any CPU = Debug|Any CPU
		Release|Any CPU = Release|Any CPU
	EndGlobalSection
	GlobalSection(ProjectConfigurationPlatforms) = postSolution
		{E3AC9869-4E0E-48EE-9D68-CC7A6F545D57}.Debug|Any CPU.ActiveCfg = Debug|Any CPU
		{E3AC9869-4E0E-48EE-9D68-CC7A6F545D57}.Debug|Any CPU.Build.0 = Debug|Any CPU
		{E3AC9869-4E0E-48EE-9D68-CC7A6F545D57}.Release|Any CPU.ActiveCfg = Release|Any CPU
		{E3AC9869-4E0E-48EE-9D68-CC7A6F545D57}.Release|Any CPU.Build.0 = Release|Any CPU
		{1264CA4E-A31C-40B6-A603-71C0F188189F}.Debug|Any CPU.ActiveCfg = Debug|Any CPU
		{1264CA4E-A31C-40B6-A603-71C0F188189F}.Debug|Any CPU.Build.0 = Debug|Any CPU
		{1264CA4E-A31C-40B6-A603-71C0F188189F}.Release|Any CPU.ActiveCfg = Release|Any CPU
		{1264CA4E-A31C-40B6-A603-71C0F188189F}.Release|Any CPU.Build.0 = Release|Any CPU
	EndGlobalSection
	GlobalSection(SolutionProperties) = preSolution
		HideSolutionNode = FALSE
	EndGlobalSection
	GlobalSection(ExtensibilityGlobals) = postSolution
		SolutionGuid = {C5EE05E8-6C91-4BE5-BE93-57BAFCC5C0AE}
	EndGlobalSection
EndGlobal
